github.com/zhaowk/game v1.0.0 h1:j8xeFZMEO2jAfc6RpLey+1VX5ztCii/cwUEvqk0/bzQ=
github.com/zhaowk/game v1.0.0/go.mod h1:+Ok8AW5hSJBh1J12mxS8K6AjgJX2zHb7E0t6vHXg9p8=
github.com/zhaowk/game v1.0.1 h1:kVLh3catYTtLo0w3njT9OUsg1KdI1YXM1FahehuQEqQ=
github.com/zhaowk/game v1.0.1/go.mod h1:+Ok8AW5hSJBh1J12mxS8K6AjgJX2zHb7E0t6vHXg9p8=
github.com/zhaowk/game v1.0.2 h1:GYEG7xvu0WnT77r/8ztsuavkUBMBNky3oW+TX3ljz6o=
github.com/zhaowk/game v1.0.2/go.mod h1:+Ok8AW5hSJBh1J12mxS8K6AjgJX2zHb7E0t6vHXg9p8=
golang.org/x/sys v0.0.0-20220909162455-aba9fc2a8ff2 h1:wM1k/lXfpc5HdkJJyW9GELpd8ERGdnh8sMGL6Gzq3Ho=
golang.org/x/sys v0.0.0-20220909162455-aba9fc2a8ff2/go.mod h1:oPkhp1MJrh7nUepCBck5+mAzfO9JrbApNNgaTdGDITg=
